
Microsoft Visual Studio Solution File, Format Version 12.00
# Visual Studio Version 17
VisualStudioVersion = 17.1.32228.430
MinimumVisualStudioVersion = 10.0.40219.1
Project("{FAE04EC0-301F-11D3-BF4B-00C04F79EFBC}") = "Streams", "Streams\Streams.csproj", "{C9CC61AB-0BB5-4208-AA65-0CB3F8E3FC1E}"
EndProject
Project("{FAE04EC0-301F-11D3-BF4B-00C04F79EFBC}") = "StreamsTests", "StreamsTests\StreamsTests.csproj", "{C6F834C3-513C-4CC0-9390-A42ACAE4922D}"
EndProject
Global
	GlobalSection(SolutionConfigurationPlatforms) = preSolution
		Debug|Any CPU = Debug|Any CPU
		Release|Any CPU = Release|Any CPU
	EndGlobalSection
	GlobalSection(ProjectConfigurationPlatforms) = postSolution
		{C9CC61AB-0BB5-4208-AA65-0CB3F8E3FC1E}.Debug|Any CPU.ActiveCfg = Debug|Any CPU
		{C9CC61AB-0BB5-4208-AA65-0CB3F8E3FC1E}.Debug|Any CPU.Build.0 = Debug|Any CPU
		{C9CC61AB-0BB5-4208-AA65-0CB3F8E3FC1E}.Release|Any CPU.ActiveCfg = Release|Any CPU
		{C9CC61AB-0BB5-4208-AA65-0CB3F8E3FC1E}.Release|Any CPU.Build.0 = Release|Any CPU
		{C6F834C3-513C-4CC0-9390-A42ACAE4922D}.Debug|Any CPU.ActiveCfg = Debug|Any CPU
		{C6F834C3-513C-4CC0-9390-A42ACAE4922D}.Debug|Any CPU.Build.0 = Debug|Any CPU
		{C6F834C3-513C-4CC0-9390-A42ACAE4922D}.Release|Any CPU.ActiveCfg = Release|Any CPU
		{C6F834C3-513C-4CC0-9390-A42ACAE4922D}.Release|Any CPU.Build.0 = Release|Any CPU
	EndGlobalSection
	GlobalSection(SolutionProperties) = preSolution
		HideSolutionNode = FALSE
	EndGlobalSection
	GlobalSection(ExtensibilityGlobals) = postSolution
		SolutionGuid = {42C0627C-72E5-4E72-B370-8AB4EA485C9A}
	EndGlobalSection
EndGlobal
